
Microsoft Visual Studio Solution File, Format Version 12.00
# Visual Studio Version 16
VisualStudioVersion = 16.0.29326.143
MinimumVisualStudioVersion = 10.0.40219.1
Project("{FAE04EC0-301F-11D3-BF4B-00C04F79EFBC}") = "MonstoJuicer", "MonstoJuicer\MonstoJuicer.csproj", "{35950542-4199-4BD3-AB49-AF3127648B56}"
EndProject
Global
	GlobalSection(SolutionConfigurationPlatforms) = preSolution
		Debug|Any CPU = Debug|Any CPU
		Release|Any CPU = Release|Any CPU
	EndGlobalSection
	GlobalSection(ProjectConfigurationPlatforms) = postSolution
		{35950542-4199-4BD3-AB49-AF3127648B56}.Debug|Any CPU.ActiveCfg = Debug|Any CPU
		{35950542-4199-4BD3-AB49-AF3127648B56}.Debug|Any CPU.Build.0 = Debug|Any CPU
		{35950542-4199-4BD3-AB49-AF3127648B56}.Release|Any CPU.ActiveCfg = Release|Any CPU
		{35950542-4199-4BD3-AB49-AF3127648B56}.Release|Any CPU.Build.0 = Release|Any CPU
	EndGlobalSection
	GlobalSection(SolutionProperties) = preSolution
		HideSolutionNode = FALSE
	EndGlobalSection
	GlobalSection(ExtensibilityGlobals) = postSolution
		SolutionGuid = {795C6A70-FE0A-4580-89AB-7A429FA729B5}
	EndGlobalSection
EndGlobal
